
Microsoft Visual Studio Solution File, Format Version 12.00
# Visual Studio 15
VisualStudioVersion = 15.0.27130.2010
MinimumVisualStudioVersion = 10.0.40219.1
Project("{8BC9CEB8-8B4A-11D0-8D11-00A0C91BC942}") = "A_TNT_Maker", "A_TNT_Maker\A_TNT_Maker.vcxproj", "{38D4EE60-B4EA-4E2A-B37A-6431E2140192}"
EndProject
Project("{8BC9CEB8-8B4A-11D0-8D11-00A0C91BC942}") = "UnitTests", "UnitTests\UnitTests.vcxproj", "{633AE472-4860-41C2-967D-A6D421BA171D}"
EndProject
Global
	GlobalSection(SolutionConfigurationPlatforms) = preSolution
		Debug|x64 = Debug|x64
		Debug|x86 = Debug|x86
		Release|x64 = Release|x64
		Release|x86 = Release|x86
	EndGlobalSection
	GlobalSection(ProjectConfigurationPlatforms) = postSolution
		{38D4EE60-B4EA-4E2A-B37A-6431E2140192}.Debug|x64.ActiveCfg = Debug|x64
		{38D4EE60-B4EA-4E2A-B37A-6431E2140192}.Debug|x64.Build.0 = Debug|x64
		{38D4EE60-B4EA-4E2A-B37A-6431E2140192}.Debug|x86.ActiveCfg = Debug|Win32
		{38D4EE60-B4EA-4E2A-B37A-6431E2140192}.Debug|x86.Build.0 = Debug|Win32
		{38D4EE60-B4EA-4E2A-B37A-6431E2140192}.Release|x64.ActiveCfg = Release|x64
		{38D4EE60-B4EA-4E2A-B37A-6431E2140192}.Release|x64.Build.0 = Release|x64
		{38D4EE60-B4EA-4E2A-B37A-6431E2140192}.Release|x86.ActiveCfg = Release|Win32
		{38D4EE60-B4EA-4E2A-B37A-6431E2140192}.Release|x86.Build.0 = Release|Win32
		{633AE472-4860-41C2-967D-A6D421BA171D}.Debug|x64.ActiveCfg = Debug|x64
		{633AE472-4860-41C2-967D-A6D421BA171D}.Debug|x64.Build.0 = Debug|x64
		{633AE472-4860-41C2-967D-A6D421BA171D}.Debug|x86.ActiveCfg = Debug|Win32
		{633AE472-4860-41C2-967D-A6D421BA171D}.Debug|x86.Build.0 = Debug|Win32
		{633AE472-4860-41C2-967D-A6D421BA171D}.Release|x64.ActiveCfg = Release|x64
		{633AE472-4860-41C2-967D-A6D421BA171D}.Release|x64.Build.0 = Release|x64
		{633AE472-4860-41C2-967D-A6D421BA171D}.Release|x86.ActiveCfg = Release|Win32
		{633AE472-4860-41C2-967D-A6D421BA171D}.Release|x86.Build.0 = Release|Win32
	EndGlobalSection
	GlobalSection(SolutionProperties) = preSolution
		HideSolutionNode = FALSE
	EndGlobalSection
	GlobalSection(ExtensibilityGlobals) = postSolution
		SolutionGuid = {37D517F1-0D0C-4811-8339-4FB22DF9D6F8}
	EndGlobalSection
EndGlobal
